<?xml version="1.0" encoding="utf-8"?>
<Project ToolsVersion="4.0" xmlns="http://schemas.microsoft.com/developer/msbuild/2003">
  <ItemGroup>
    <Filter Include="소스 파일">
      <UniqueIdentifier>{4FC737F1-C7A5-4376-A066-2A32D752A2FF}</UniqueIdentifier>
      <Extensions>cpp;c;cc;cxx;c++;cppm;ixx;def;odl;idl;hpj;bat;asm;asmx</Extensions>
    </Filter>
    <Filter Include="헤더 파일">
      <UniqueIdentifier>{93995380-89BD-4b04-88EB-625FBE52EBFB}</UniqueIdentifier>
      <Extensions>h;hh;hpp;hxx;h++;hm;inl;inc;ipp;xsd</Extensions>
    </Filter>
    <Filter Include="소스 파일\WinApp">
      <UniqueIdentifier>{baf450b6-b5d8-4eaa-b1d3-1c766b98f99f}</UniqueIdentifier>
    </Filter>
    <Filter Include="헤더 파일\Patten">
      <UniqueIdentifier>{f7259238-5b1e-4478-8bd8-df07e300e4c1}</UniqueIdentifier>
    </Filter>
    <Filter Include="소스 파일\Scene">
      <UniqueIdentifier>{0f7d567f-2bfc-4c35-9cea-876411a6f2e3}</UniqueIdentifier>
    </Filter>
    <Filter Include="소스 파일\Scene\TestScene">
      <UniqueIdentifier>{03553080-3d9b-4b65-bf3a-77360c05e623}</UniqueIdentifier>
    </Filter>
    <Filter Include="소스 파일\Scene\Stage2">
      <UniqueIdentifier>{f20d2149-e5ad-4888-ab50-50ccd1debe86}</UniqueIdentifier>
    </Filter>
    <Filter Include="소스 파일\Manager">
      <UniqueIdentifier>{ce4894d3-6e84-4d19-b220-8dd61a8c6e00}</UniqueIdentifier>
    </Filter>
    <Filter Include="소스 파일\Manager\GameManager">
      <UniqueIdentifier>{791edb97-5286-492f-ab6a-e936dfee6425}</UniqueIdentifier>
    </Filter>
    <Filter Include="소스 파일\Manager\SceneManager">
      <UniqueIdentifier>{9de80470-6532-488d-ac0e-ff513fe55d0a}</UniqueIdentifier>
    </Filter>
    <Filter Include="소스 파일\System">
      <UniqueIdentifier>{9b2a22b9-8907-4450-b40a-9af3b905face}</UniqueIdentifier>
    </Filter>
    <Filter Include="소스 파일\System\SoundSystem">
      <UniqueIdentifier>{75f1a841-a631-4bb7-8d22-eb251f76c860}</UniqueIdentifier>
    </Filter>
    <Filter Include="소스 파일\System\TimeSystem">
      <UniqueIdentifier>{07dd9d77-865f-4779-9a58-f9c0a6157d6d}</UniqueIdentifier>
    </Filter>
    <Filter Include="소스 파일\System\RenderSystem">
      <UniqueIdentifier>{2e0c34d8-a494-4778-99cc-c7f9df2899f7}</UniqueIdentifier>
    </Filter>
    <Filter Include="소스 파일\System\InputSystem">
      <UniqueIdentifier>{b82b7d5c-3bc8-43f8-8b28-b93a6fb84462}</UniqueIdentifier>
    </Filter>
    <Filter Include="소스 파일\Manager\PathManager">
      <UniqueIdentifier>{c3cfa98c-d947-4734-be9d-19c533c8f8e4}</UniqueIdentifier>
    </Filter>
    <Filter Include="소스 파일\Scene\TestScene\TestObj">
      <UniqueIdentifier>{521cc281-789d-4c45-a3cb-b3811bc398c0}</UniqueIdentifier>
    </Filter>
    <Filter Include="소스 파일\Scene\TestScene\TestObj\Object">
      <UniqueIdentifier>{a05baaec-6307-45d5-83f8-8af5b37b6a30}</UniqueIdentifier>
    </Filter>
    <Filter Include="소스 파일\Scene\Stage2\Stage2Obj">
      <UniqueIdentifier>{6e32b1a1-98a7-4cd1-90d9-9307a109143d}</UniqueIdentifier>
    </Filter>
    <Filter Include="소스 파일\Scene\Stage2\Stage2Obj\Object">
      <UniqueIdentifier>{3f3869bc-c14a-4356-a9ff-72547fd98716}</UniqueIdentifier>
    </Filter>
    <Filter Include="소스 파일\Manager\ResourceManager">
      <UniqueIdentifier>{df67052b-5e39-4e49-a08b-e673b9f458e3}</UniqueIdentifier>
    </Filter>
    <Filter Include="소스 파일\Scene\Stage1">
      <UniqueIdentifier>{667912cd-d12b-47f3-bf8e-00758781e8d9}</UniqueIdentifier>
    </Filter>
    <Filter Include="소스 파일\Scene\Stage1\Stage1Obj">
      <UniqueIdentifier>{5871e52b-7476-4c53-b1f0-ae24ac11d0b8}</UniqueIdentifier>
    </Filter>
    <Filter Include="소스 파일\Scene\Stage3">
      <UniqueIdentifier>{ff569d2d-d0b1-4289-8bb7-c8942d06a2b8}</UniqueIdentifier>
    </Filter>
    <Filter Include="소스 파일\ETC">
      <UniqueIdentifier>{c4ccf5a0-850c-4a77-a293-8ecd9cd1d148}</UniqueIdentifier>
    </Filter>
    <Filter Include="소스 파일\Scene\Title">
      <UniqueIdentifier>{9728e82d-83b0-4d6d-999a-6ec4abad644f}</UniqueIdentifier>
    </Filter>
    <Filter Include="소스 파일\ETC\Object">
      <UniqueIdentifier>{7ed8d671-7dcf-4997-8b7c-3829b84b8065}</UniqueIdentifier>
    </Filter>
    <Filter Include="소스 파일\ETC\Object\TestPlayer">
      <UniqueIdentifier>{2bb4a4d3-98b1-45ed-a42b-aa8b902906e1}</UniqueIdentifier>
    </Filter>
    <Filter Include="소스 파일\ETC\Scene">
      <UniqueIdentifier>{6ff328fc-3aa6-4e2c-8691-c9cc23602cd1}</UniqueIdentifier>
    </Filter>
    <Filter Include="소스 파일\Scene\Stage3\Object">
      <UniqueIdentifier>{b383cd4d-b1af-458a-9f19-12e606bc195f}</UniqueIdentifier>
    </Filter>
    <Filter Include="소스 파일\Scene\Stage3\Object\Puzzle">
      <UniqueIdentifier>{de0246bb-d219-4db8-ae6c-05d9eb18678b}</UniqueIdentifier>
    </Filter>
    <Filter Include="소스 파일\Scene\Stage1\Stage1Obj\bg">
      <UniqueIdentifier>{bb1cd692-b22f-4e10-b2fa-5c91ad01b70a}</UniqueIdentifier>
    </Filter>
    <Filter Include="소스 파일\Scene\Stage2\Stage2Obj\Object\Back2">
      <UniqueIdentifier>{2e0f5019-c87c-494a-b0c4-613c6de06852}</UniqueIdentifier>
    </Filter>
    <Filter Include="소스 파일\Scene\Dialogs">
      <UniqueIdentifier>{c2ef3605-9550-416a-b9c5-4782f50170a8}</UniqueIdentifier>
    </Filter>
    <Filter Include="소스 파일\Scene\Dialogs\Intro">
      <UniqueIdentifier>{f7ad9581-100b-4404-9c60-7e1140c271aa}</UniqueIdentifier>
    </Filter>
    <Filter Include="소스 파일\Scene\Stage3\Object\Stage3Back">
      <UniqueIdentifier>{4f375660-5ab8-428d-8675-5cdd520362ed}</UniqueIdentifier>
    </Filter>
    <Filter Include="소스 파일\Scene\Title\TitleObj">
      <UniqueIdentifier>{bbda8402-a9b7-4b9c-9df7-f441b354ecac}</UniqueIdentifier>
    </Filter>
    <Filter Include="소스 파일\Scene\Title\TitleObj\Object">
      <UniqueIdentifier>{8f3bb654-2c51-418c-9cae-4e28133c6090}</UniqueIdentifier>
    </Filter>
    <Filter Include="소스 파일\Scene\Title\TitleObj\Object\Exit">
      <UniqueIdentifier>{1dbc3c8b-e8ea-4202-8b0e-f91afb725f70}</UniqueIdentifier>
    </Filter>
    <Filter Include="소스 파일\Scene\Title\TitleObj\Object\Start">
      <UniqueIdentifier>{a973aa29-3159-418c-b8ef-3b9b49ee20e9}</UniqueIdentifier>
    </Filter>
    <Filter Include="소스 파일\Scene\TestScene\TestObj\Object\Player">
      <UniqueIdentifier>{2d92be42-cb98-43de-a909-3532af167349}</UniqueIdentifier>
    </Filter>
    <Filter Include="소스 파일\Scene\Title\TitleObj\Object\Credit">
      <UniqueIdentifier>{0a1926eb-02b3-44ae-bed2-108d53f820ae}</UniqueIdentifier>
    </Filter>
    <Filter Include="소스 파일\Scene\Title\TitleObj\Object\TitleBack">
      <UniqueIdentifier>{a4fccebe-9709-40c1-b1df-fc0cdb576829}</UniqueIdentifier>
    </Filter>
    <Filter Include="소스 파일\Scene\Stage2\Stage2Obj\Object\Popup">
      <UniqueIdentifier>{aac84a4c-343f-4e72-9190-9c02cc942b39}</UniqueIdentifier>
    </Filter>
    <Filter Include="소스 파일\Scene\Stage2\Stage2Obj\Object\Popup\Popup0">
      <UniqueIdentifier>{6556b81b-7d65-4ed0-95a7-8399c21e12d8}</UniqueIdentifier>
    </Filter>
    <Filter Include="소스 파일\Scene\Stage2\Stage2Obj\Object\Popup\Popup1">
      <UniqueIdentifier>{76561a4d-9b02-4f14-9040-9f7e966e5e84}</UniqueIdentifier>
    </Filter>
    <Filter Include="소스 파일\Scene\Stage2\Stage2Obj\Object\Popup\Popup2">
      <UniqueIdentifier>{c060fefa-f82b-47d4-9724-a4e34c837caf}</UniqueIdentifier>
    </Filter>
    <Filter Include="소스 파일\Scene\Stage2\Stage2Obj\Object\Popup\Popup3">
      <UniqueIdentifier>{6e91f5bb-f09b-4a0c-9af9-fd198af20e92}</UniqueIdentifier>
    </Filter>
    <Filter Include="소스 파일\Scene\Stage2\Stage2Obj\Object\Popup\Popup4">
      <UniqueIdentifier>{5d79ab12-3d0f-4843-ad04-94bd59abd02a}</UniqueIdentifier>
    </Filter>
    <Filter Include="소스 파일\Scene\Stage2\Stage2Obj\Object\Clue">
      <UniqueIdentifier>{710f70c6-3207-4028-9fdf-22e6976a28fe}</UniqueIdentifier>
    </Filter>
    <Filter Include="소스 파일\Scene\Stage2\Stage2Obj\Object\Clue\Board">
      <UniqueIdentifier>{193a54ac-3280-4e5d-b162-39f137422e61}</UniqueIdentifier>
    </Filter>
    <Filter Include="소스 파일\Scene\Stage2\Stage2Obj\Object\Clue\Desk">
      <UniqueIdentifier>{2abeb25b-81a8-4f0f-af9e-4ff713887f9c}</UniqueIdentifier>
    </Filter>
    <Filter Include="소스 파일\Scene\Stage2\Stage2Obj\Object\Clue\Window">
      <UniqueIdentifier>{5fc7712d-e575-49b8-8f32-abf14aaf1713}</UniqueIdentifier>
    </Filter>
    <Filter Include="소스 파일\Scene\Stage2\Stage2Obj\Object\Clue\Note">
      <UniqueIdentifier>{7b526a15-78ad-4561-8acb-0875a247ffd2}</UniqueIdentifier>
    </Filter>
    <Filter Include="소스 파일\Scene\Stage2\Stage2Obj\Object\UI">
      <UniqueIdentifier>{9e0e3e49-d2e9-425a-b804-7f0ad965ac74}</UniqueIdentifier>
    </Filter>
    <Filter Include="소스 파일\Scene\Stage2\Stage2Obj\Object\UI\UI0">
      <UniqueIdentifier>{96475aa0-e646-4927-b896-2fdec93f2d58}</UniqueIdentifier>
    </Filter>
    <Filter Include="소스 파일\Scene\Stage2\Stage2Obj\Object\UI\UI1">
      <UniqueIdentifier>{59997554-c2cd-400c-881a-c95627afb024}</UniqueIdentifier>
    </Filter>
    <Filter Include="소스 파일\Scene\Stage2\Stage2Obj\Object\UI\UI2">
      <UniqueIdentifier>{e5e453d8-a0bd-4cb1-89af-531cabe24172}</UniqueIdentifier>
    </Filter>
    <Filter Include="소스 파일\Scene\Stage2\Stage2Obj\Object\UI\UI3">
      <UniqueIdentifier>{27f0fe7f-1d8b-4527-9b40-d4307016a8d9}</UniqueIdentifier>
    </Filter>
    <Filter Include="소스 파일\Scene\CreditScene">
      <UniqueIdentifier>{d42296a4-61a0-4d70-82cd-b9abe873aa02}</UniqueIdentifier>
    </Filter>
    <Filter Include="소스 파일\Scene\CreditScene\CreditObj">
      <UniqueIdentifier>{c2eeaae7-40f8-4524-80b3-8db6f36b5316}</UniqueIdentifier>
    </Filter>
    <Filter Include="소스 파일\Scene\CreditScene\CreditObj\CreditBack">
      <UniqueIdentifier>{49aa6336-4e94-40cd-8f60-ae9786c66aec}</UniqueIdentifier>
    </Filter>
    <Filter Include="소스 파일\Scene\Stage3\Object\Puzzle\Rabbit">
      <UniqueIdentifier>{2c941a63-8d1f-4eee-ac58-a39ba2c0a206}</UniqueIdentifier>
    </Filter>
    <Filter Include="소스 파일\Scene\Stage3\Object\Puzzle\Airplane">
      <UniqueIdentifier>{3f34d297-884e-4c9c-862b-b533cdc9d33e}</UniqueIdentifier>
    </Filter>
    <Filter Include="소스 파일\Scene\Stage3\Object\Puzzle\Tree">
      <UniqueIdentifier>{3fb676c3-a6a0-4c88-88c5-1a1d1df8abdb}</UniqueIdentifier>
    </Filter>
    <Filter Include="소스 파일\리소스 파일">
      <UniqueIdentifier>{67DA6AB6-F800-4c08-8B7A-83BB121AAD01}</UniqueIdentifier>
      <Extensions>rc;ico;cur;bmp;dlg;rc2;rct;bin;rgs;gif;jpg;jpeg;jpe;resx;tiff;tif;png;wav;mfcribbon-ms</Extensions>
    </Filter>
    <Filter Include="소스 파일\Scene\Dialogs\Dialog1">
      <UniqueIdentifier>{547d930a-ca06-4281-9002-38a777125541}</UniqueIdentifier>
    </Filter>
    <Filter Include="소스 파일\Scene\Dialogs\Dialog2">
      <UniqueIdentifier>{4567926f-8111-4d5c-90a7-16c66a6f2e23}</UniqueIdentifier>
    </Filter>
    <Filter Include="소스 파일\Scene\Dialogs\Dialog3">
      <UniqueIdentifier>{0b174c9b-7dd4-4926-9628-75cd5444b6af}</UniqueIdentifier>
    </Filter>
    <Filter Include="소스 파일\Scene\Dialogs\End">
      <UniqueIdentifier>{4a705461-8077-4ab1-9ef2-38a4a6a15484}</UniqueIdentifier>
    </Filter>
    <Filter Include="소스 파일\Scene\Dialogs\EndingIMG">
      <UniqueIdentifier>{24aa3ec2-30a1-420d-8b6a-2da4a9e7e323}</UniqueIdentifier>
    </Filter>
  </ItemGroup>
  <ItemGroup>
    <ClCompile Include="WInApp.cpp">
      <Filter>소스 파일\WinApp</Filter>
    </ClCompile>
    <ClCompile Include="GameManager.cpp">
      <Filter>소스 파일\Manager\GameManager</Filter>
    </ClCompile>
    <ClCompile Include="Scene.cpp">
      <Filter>소스 파일\ETC\Scene</Filter>
    </ClCompile>
    <ClCompile Include="SceneManager.cpp">
      <Filter>소스 파일\Manager\SceneManager</Filter>
    </ClCompile>
    <ClCompile Include="TestScene.cpp">
      <Filter>소스 파일\Scene\TestScene</Filter>
    </ClCompile>
    <ClCompile Include="InputSystem.cpp">
      <Filter>소스 파일\System\InputSystem</Filter>
    </ClCompile>
    <ClCompile Include="SoundManager.cpp">
      <Filter>소스 파일\System\SoundSystem</Filter>
    </ClCompile>
    <ClCompile Include="TimeManager.cpp">
      <Filter>소스 파일\System\TimeSystem</Filter>
    </ClCompile>
    <ClCompile Include="RenderSystem.cpp">
      <Filter>소스 파일\System\RenderSystem</Filter>
    </ClCompile>
    <ClCompile Include="Object.cpp">
      <Filter>소스 파일\ETC\Object</Filter>
    </ClCompile>
    <ClCompile Include="Player.cpp">
      <Filter>소스 파일\ETC\Object\TestPlayer</Filter>
    </ClCompile>
    <ClCompile Include="Stage2.cpp">
      <Filter>소스 파일\Scene\Stage2</Filter>
    </ClCompile>
    <ClCompile Include="TestObj.cpp">
      <Filter>소스 파일\Scene\TestScene\TestObj</Filter>
    </ClCompile>
    <ClCompile Include="Player2.cpp">
      <Filter>소스 파일\Scene\TestScene\TestObj\Object\Player</Filter>
    </ClCompile>
    <ClCompile Include="PathManager.cpp">
      <Filter>소스 파일\Manager\PathManager</Filter>
    </ClCompile>
    <ClCompile Include="Stage1.cpp">
      <Filter>소스 파일\Scene\Stage1</Filter>
    </ClCompile>
    <ClCompile Include="Stage1Obj.cpp">
      <Filter>소스 파일\Scene\Stage1\Stage1Obj</Filter>
    </ClCompile>
    <ClCompile Include="Arrow.cpp">
      <Filter>소스 파일\Scene\Stage1\Stage1Obj</Filter>
    </ClCompile>
    <ClCompile Include="ResourcesManager.cpp">
      <Filter>소스 파일\Manager\ResourceManager</Filter>
    </ClCompile>
    <ClCompile Include="Stage3.cpp">
      <Filter>소스 파일\Scene\Stage3</Filter>
    </ClCompile>
    <ClCompile Include="Stage2Obj.cpp">
      <Filter>소스 파일\Scene\Stage2\Stage2Obj\Object</Filter>
    </ClCompile>
    <ClCompile Include="Window.cpp">
      <Filter>소스 파일\Scene\Stage2\Stage2Obj\Object\Clue\Window</Filter>
    </ClCompile>
    <ClCompile Include="Board.cpp">
      <Filter>소스 파일\Scene\Stage2\Stage2Obj\Object\Clue\Board</Filter>
    </ClCompile>
    <ClCompile Include="PuzzleObj.cpp">
      <Filter>소스 파일\Scene\Stage3\Object\Puzzle</Filter>
    </ClCompile>
    <ClCompile Include="Stage3Obj.cpp">
      <Filter>소스 파일\Scene\Stage3\Object</Filter>
    </ClCompile>
    <ClCompile Include="Desk.cpp">
      <Filter>소스 파일\Scene\Stage2\Stage2Obj\Object\Clue\Desk</Filter>
    </ClCompile>
    <ClCompile Include="Note.cpp">
      <Filter>소스 파일\Scene\Stage2\Stage2Obj\Object\Clue\Note</Filter>
    </ClCompile>
    <ClCompile Include="Background.cpp">
      <Filter>소스 파일\Scene\Stage1\Stage1Obj\bg</Filter>
    </ClCompile>
    <ClCompile Include="RBG.cpp">
      <Filter>소스 파일\Scene\Stage1\Stage1Obj\bg</Filter>
    </ClCompile>
    <ClCompile Include="JudgeRhythm.cpp">
      <Filter>소스 파일\Scene\Stage1\Stage1Obj\bg</Filter>
    </ClCompile>
    <ClCompile Include="Back2.cpp">
      <Filter>소스 파일\Scene\Stage2\Stage2Obj\Object\Back2</Filter>
    </ClCompile>
    <ClCompile Include="Credit.cpp">
      <Filter>소스 파일\Scene\Title\TitleObj\Object\Credit</Filter>
    </ClCompile>
    <ClCompile Include="Exit.cpp">
      <Filter>소스 파일\Scene\Title\TitleObj\Object\Exit</Filter>
    </ClCompile>
    <ClCompile Include="Start.cpp">
      <Filter>소스 파일\Scene\Title\TitleObj\Object\Start</Filter>
    </ClCompile>
    <ClCompile Include="Dialog.cpp">
      <Filter>소스 파일\Scene\Dialogs</Filter>
    </ClCompile>
    <ClCompile Include="IntroScene.cpp">
      <Filter>소스 파일\Scene\Dialogs\Intro</Filter>
    </ClCompile>
    <ClCompile Include="Popup0.cpp">
      <Filter>소스 파일\Scene\Stage2\Stage2Obj\Object\Popup\Popup0</Filter>
    </ClCompile>
    <ClCompile Include="Popup1.cpp">
      <Filter>소스 파일\Scene\Stage2\Stage2Obj\Object\Popup\Popup1</Filter>
    </ClCompile>
    <ClCompile Include="Popup2.cpp">
      <Filter>소스 파일\Scene\Stage2\Stage2Obj\Object\Popup\Popup2</Filter>
    </ClCompile>
    <ClCompile Include="Popup3.cpp">
      <Filter>소스 파일\Scene\Stage2\Stage2Obj\Object\Popup\Popup3</Filter>
    </ClCompile>
    <ClCompile Include="Popup4.cpp">
      <Filter>소스 파일\Scene\Stage2\Stage2Obj\Object\Popup\Popup4</Filter>
    </ClCompile>
    <ClCompile Include="St3Bk.cpp">
      <Filter>소스 파일\Scene\Stage3\Object\Stage3Back</Filter>
    </ClCompile>
    <ClCompile Include="Title.cpp">
      <Filter>소스 파일\Scene\Title</Filter>
    </ClCompile>
    <ClCompile Include="TitleObj.cpp">
      <Filter>소스 파일\Scene\Title\TitleObj</Filter>
    </ClCompile>
    <ClCompile Include="TitleBack.cpp">
      <Filter>소스 파일\Scene\Title\TitleObj\Object\TitleBack</Filter>
    </ClCompile>
    <ClCompile Include="PerfectScore.cpp">
      <Filter>소스 파일\Scene\Stage1\Stage1Obj</Filter>
    </ClCompile>
    <ClCompile Include="LateScore.cpp">
      <Filter>소스 파일\Scene\Stage1\Stage1Obj</Filter>
    </ClCompile>
    <ClCompile Include="StartBG.cpp">
      <Filter>소스 파일\Scene\Stage1\Stage1Obj\bg</Filter>
    </ClCompile>
    <ClCompile Include="Stage1Result.cpp">
      <Filter>소스 파일\Scene\Stage1\Stage1Obj\bg</Filter>
    </ClCompile>
    <ClCompile Include="UI3.cpp">
      <Filter>소스 파일\Scene\Stage2\Stage2Obj\Object\UI\UI3</Filter>
    </ClCompile>
    <ClCompile Include="UI2.cpp">
      <Filter>소스 파일\Scene\Stage2\Stage2Obj\Object\UI\UI2</Filter>
    </ClCompile>
    <ClCompile Include="UI1.cpp">
      <Filter>소스 파일\Scene\Stage2\Stage2Obj\Object\UI\UI1</Filter>
    </ClCompile>
    <ClCompile Include="UI0.cpp">
      <Filter>소스 파일\Scene\Stage2\Stage2Obj\Object\UI\UI0</Filter>
    </ClCompile>
    <ClCompile Include="ParcingObj.cpp">
      <Filter>소스 파일</Filter>
    </ClCompile>
    <ClCompile Include="CreditScene.cpp">
      <Filter>소스 파일\Scene\CreditScene</Filter>
    </ClCompile>
    <ClCompile Include="CreditBack.cpp">
      <Filter>소스 파일\Scene\CreditScene\CreditObj\CreditBack</Filter>
    </ClCompile>
    <ClCompile Include="AirplanePuzzle.cpp">
      <Filter>소스 파일\Scene\Stage3\Object\Puzzle\Airplane</Filter>
    </ClCompile>
    <ClCompile Include="TreePuzzle.cpp">
      <Filter>소스 파일\Scene\Stage3\Object\Puzzle\Tree</Filter>
    </ClCompile>
    <ClCompile Include="RabbitPuzzle.cpp">
      <Filter>소스 파일\Scene\Stage3\Object\Puzzle\Rabbit</Filter>
    </ClCompile>
    <ClCompile Include="End.cpp">
      <Filter>소스 파일\Scene\Dialogs\End</Filter>
    </ClCompile>
    <ClCompile Include="Dialog3.cpp">
      <Filter>소스 파일\Scene\Dialogs\Dialog3</Filter>
    </ClCompile>
    <ClCompile Include="Dialog2.cpp">
      <Filter>소스 파일\Scene\Dialogs\Dialog2</Filter>
    </ClCompile>
    <ClCompile Include="Dialog1.cpp">
      <Filter>소스 파일\Scene\Dialogs\Dialog1</Filter>
    </ClCompile>
    <ClCompile Include="EndingIMG.cpp">
      <Filter>소스 파일\Scene\Dialogs\EndingIMG</Filter>
    </ClCompile>
  </ItemGroup>
  <ItemGroup>
    <ClInclude Include="WInApp.h">
      <Filter>소스 파일\WinApp</Filter>
    </ClInclude>
    <ClInclude Include="GameManager.h">
      <Filter>소스 파일\Manager\GameManager</Filter>
    </ClInclude>
    <ClInclude Include="TSinglton.h">
      <Filter>헤더 파일\Patten</Filter>
    </ClInclude>
    <ClInclude Include="Macro.h">
      <Filter>헤더 파일</Filter>
    </ClInclude>
    <ClInclude Include="Scene.h">
      <Filter>소스 파일\ETC\Scene</Filter>
    </ClInclude>
    <ClInclude Include="SceneManager.h">
      <Filter>소스 파일\Manager\SceneManager</Filter>
    </ClInclude>
    <ClInclude Include="TestScene.h">
      <Filter>소스 파일\Scene\TestScene</Filter>
    </ClInclude>
    <ClInclude Include="InputSystem.h">
      <Filter>소스 파일\System\InputSystem</Filter>
    </ClInclude>
    <ClInclude Include="SoundManager.h">
      <Filter>소스 파일\System\SoundSystem</Filter>
    </ClInclude>
    <ClInclude Include="TimeManager.h">
      <Filter>소스 파일\System\TimeSystem</Filter>
    </ClInclude>
    <ClInclude Include="RenderSystem.h">
      <Filter>소스 파일\System\RenderSystem</Filter>
    </ClInclude>
    <ClInclude Include="Object.h">
      <Filter>소스 파일\ETC\Object</Filter>
    </ClInclude>
    <ClInclude Include="Player.h">
      <Filter>소스 파일\ETC\Object\TestPlayer</Filter>
    </ClInclude>
    <ClInclude Include="Stage2.h">
      <Filter>소스 파일\Scene\Stage2</Filter>
    </ClInclude>
    <ClInclude Include="TestObj.h">
      <Filter>소스 파일\Scene\TestScene\TestObj</Filter>
    </ClInclude>
    <ClInclude Include="Player2.h">
      <Filter>소스 파일\Scene\TestScene\TestObj\Object\Player</Filter>
    </ClInclude>
    <ClInclude Include="PathManager.h">
      <Filter>소스 파일\Manager\PathManager</Filter>
    </ClInclude>
    <ClInclude Include="Stage1Obj.h">
      <Filter>소스 파일\Scene\Stage1\Stage1Obj</Filter>
    </ClInclude>
    <ClInclude Include="Arrow.h">
      <Filter>소스 파일\Scene\Stage1\Stage1Obj</Filter>
    </ClInclude>
    <ClInclude Include="Stage1.h">
      <Filter>소스 파일\Scene\Stage1</Filter>
    </ClInclude>
    <ClInclude Include="ResourcesManager.h">
      <Filter>소스 파일\Manager\ResourceManager</Filter>
    </ClInclude>
    <ClInclude Include="Stage3.h">
      <Filter>소스 파일\Scene\Stage3</Filter>
    </ClInclude>
    <ClInclude Include="Monobehaviour.h">
      <Filter>소스 파일\ETC</Filter>
    </ClInclude>
    <ClInclude Include="Stage2Obj.h">
      <Filter>소스 파일\Scene\Stage2\Stage2Obj\Object</Filter>
    </ClInclude>
    <ClInclude Include="Window.h">
      <Filter>소스 파일\Scene\Stage2\Stage2Obj\Object\Clue\Window</Filter>
    </ClInclude>
    <ClInclude Include="Board.h">
      <Filter>소스 파일\Scene\Stage2\Stage2Obj\Object\Clue\Board</Filter>
    </ClInclude>
    <ClInclude Include="PuzzleObj.h">
      <Filter>소스 파일\Scene\Stage3\Object\Puzzle</Filter>
    </ClInclude>
    <ClInclude Include="Stage3Obj.h">
      <Filter>소스 파일\Scene\Stage3\Object</Filter>
    </ClInclude>
    <ClInclude Include="Desk.h">
      <Filter>소스 파일\Scene\Stage2\Stage2Obj\Object\Clue\Desk</Filter>
    </ClInclude>
    <ClInclude Include="Note.h">
      <Filter>소스 파일\Scene\Stage2\Stage2Obj\Object\Clue\Note</Filter>
    </ClInclude>
    <ClInclude Include="Background.h">
      <Filter>소스 파일\Scene\Stage1\Stage1Obj\bg</Filter>
    </ClInclude>
    <ClInclude Include="RBG.h">
      <Filter>소스 파일\Scene\Stage1\Stage1Obj\bg</Filter>
    </ClInclude>
    <ClInclude Include="JudgeRhythm.h">
      <Filter>소스 파일\Scene\Stage1\Stage1Obj\bg</Filter>
    </ClInclude>
    <ClInclude Include="Back2.h">
      <Filter>소스 파일\Scene\Stage2\Stage2Obj\Object\Back2</Filter>
    </ClInclude>
    <ClInclude Include="Credit.h">
      <Filter>소스 파일\Scene\Title\TitleObj\Object\Credit</Filter>
    </ClInclude>
    <ClInclude Include="Exit.h">
      <Filter>소스 파일\Scene\Title\TitleObj\Object\Exit</Filter>
    </ClInclude>
    <ClInclude Include="Start.h">
      <Filter>소스 파일\Scene\Title\TitleObj\Object\Start</Filter>
    </ClInclude>
    <ClInclude Include="Dialog.h">
      <Filter>소스 파일\Scene\Dialogs</Filter>
    </ClInclude>
    <ClInclude Include="Resources.h">
      <Filter>소스 파일\Manager\ResourceManager</Filter>
    </ClInclude>
    <ClInclude Include="IntroScene.h">
      <Filter>소스 파일\Scene\Dialogs\Intro</Filter>
    </ClInclude>
    <ClInclude Include="Popup0.h">
      <Filter>소스 파일\Scene\Stage2\Stage2Obj\Object\Popup\Popup0</Filter>
    </ClInclude>
    <ClInclude Include="Popup1.h">
      <Filter>소스 파일\Scene\Stage2\Stage2Obj\Object\Popup\Popup1</Filter>
    </ClInclude>
    <ClInclude Include="Popup2.h">
      <Filter>소스 파일\Scene\Stage2\Stage2Obj\Object\Popup\Popup2</Filter>
    </ClInclude>
    <ClInclude Include="Popup3.h">
      <Filter>소스 파일\Scene\Stage2\Stage2Obj\Object\Popup\Popup3</Filter>
    </ClInclude>
    <ClInclude Include="Popup4.h">
      <Filter>소스 파일\Scene\Stage2\Stage2Obj\Object\Popup\Popup4</Filter>
    </ClInclude>
    <ClInclude Include="St3Bk.h">
      <Filter>소스 파일\Scene\Stage3\Object\Stage3Back</Filter>
    </ClInclude>
    <ClInclude Include="Title.h">
      <Filter>소스 파일\Scene\Title</Filter>
    </ClInclude>
    <ClInclude Include="TitleObj.h">
      <Filter>소스 파일\Scene\Title\TitleObj</Filter>
    </ClInclude>
    <ClInclude Include="TitleBack.h">
      <Filter>소스 파일\Scene\Title\TitleObj\Object\TitleBack</Filter>
    </ClInclude>
    <ClInclude Include="PerfectScore.h">
      <Filter>소스 파일\Scene\Stage1\Stage1Obj</Filter>
    </ClInclude>
    <ClInclude Include="LateScore.h">
      <Filter>소스 파일\Scene\Stage1\Stage1Obj</Filter>
    </ClInclude>
    <ClInclude Include="StartBG.h">
      <Filter>소스 파일\Scene\Stage1\Stage1Obj\bg</Filter>
    </ClInclude>
    <ClInclude Include="Stage1Result.h">
      <Filter>소스 파일\Scene\Stage1\Stage1Obj\bg</Filter>
    </ClInclude>
    <ClInclude Include="UI3.h">
      <Filter>소스 파일\Scene\Stage2\Stage2Obj\Object\UI\UI3</Filter>
    </ClInclude>
    <ClInclude Include="UI2.h">
      <Filter>소스 파일\Scene\Stage2\Stage2Obj\Object\UI\UI2</Filter>
    </ClInclude>
    <ClInclude Include="UI1.h">
      <Filter>소스 파일\Scene\Stage2\Stage2Obj\Object\UI\UI1</Filter>
    </ClInclude>
    <ClInclude Include="UI0.h">
      <Filter>소스 파일\Scene\Stage2\Stage2Obj\Object\UI\UI0</Filter>
    </ClInclude>
    <ClInclude Include="ParcingObj.h">
      <Filter>헤더 파일</Filter>
    </ClInclude>
    <ClInclude Include="CreditScene.h">
      <Filter>소스 파일\Scene\CreditScene</Filter>
    </ClInclude>
    <ClInclude Include="CreditBack.h">
      <Filter>소스 파일\Scene\CreditScene\CreditObj\CreditBack</Filter>
    </ClInclude>
    <ClInclude Include="AirplanePuzzle.h">
      <Filter>소스 파일\Scene\Stage3\Object\Puzzle\Airplane</Filter>
    </ClInclude>
    <ClInclude Include="TreePuzzle.h">
      <Filter>소스 파일\Scene\Stage3\Object\Puzzle\Tree</Filter>
    </ClInclude>
    <ClInclude Include="RabbitPuzzle.h">
      <Filter>소스 파일\Scene\Stage3\Object\Puzzle\Rabbit</Filter>
    </ClInclude>
    <ClInclude Include="End.h">
      <Filter>소스 파일\Scene\Dialogs\End</Filter>
    </ClInclude>
    <ClInclude Include="Dialog3.h">
      <Filter>소스 파일\Scene\Dialogs\Dialog3</Filter>
    </ClInclude>
    <ClInclude Include="Dialog2.h">
      <Filter>소스 파일\Scene\Dialogs\Dialog2</Filter>
    </ClInclude>
    <ClInclude Include="Dialog1.h">
      <Filter>소스 파일\Scene\Dialogs\Dialog1</Filter>
    </ClInclude>
    <ClInclude Include="EndingIMG.h">
      <Filter>소스 파일\Scene\Dialogs\EndingIMG</Filter>
    </ClInclude>
  </ItemGroup>
</Project>